
Microsoft Visual Studio Solution File, Format Version 12.00
# Visual Studio 15
VisualStudioVersion = 15.0.28010.2050
MinimumVisualStudioVersion = 10.0.40219.1
Project("{FAE04EC0-301F-11D3-BF4B-00C04F79EFBC}") = "ScribbleServer", "ScribbleServer.csproj", "{BCDB4218-73DF-4FCB-AF62-3F14625FFF6A}"
EndProject
Global
	GlobalSection(SolutionConfigurationPlatforms) = preSolution
		Debug|Any CPU = Debug|Any CPU
		Release|Any CPU = Release|Any CPU
	EndGlobalSection
	GlobalSection(ProjectConfigurationPlatforms) = postSolution
		{BCDB4218-73DF-4FCB-AF62-3F14625FFF6A}.Debug|Any CPU.ActiveCfg = Debug|Any CPU
		{BCDB4218-73DF-4FCB-AF62-3F14625FFF6A}.Debug|Any CPU.Build.0 = Debug|Any CPU
		{BCDB4218-73DF-4FCB-AF62-3F14625FFF6A}.Release|Any CPU.ActiveCfg = Release|Any CPU
		{BCDB4218-73DF-4FCB-AF62-3F14625FFF6A}.Release|Any CPU.Build.0 = Release|Any CPU
	EndGlobalSection
	GlobalSection(SolutionProperties) = preSolution
		HideSolutionNode = FALSE
	EndGlobalSection
	GlobalSection(ExtensibilityGlobals) = postSolution
		SolutionGuid = {3ED4C10E-7B9C-40BD-B159-0B33BBE6DA32}
	EndGlobalSection
EndGlobal
